// !$*UTF8*$!
{
	archiveVersion = 1;
	classes = {
	};
	objectVersion = 51;
	objects = {

/* Begin PBXBuildFile section */
		1C1AEB41234B572600FFB348 /* WorkRecord.swift in Sources */ = {isa = PBXBuildFile; fileRef = 1C1AEB40234B572600FFB348 /* WorkRecord.swift */; };
		1C1AEB43234B5FF100FFB348 /* RealmService.swift in Sources */ = {isa = PBXBuildFile; fileRef = 1C1AEB42234B5FF100FFB348 /* RealmService.swift */; };
		1C23D0B5234B0CAF000CB037 /* Date.swift in Sources */ = {isa = PBXBuildFile; fileRef = 1C23D0B4234B0CAF000CB037 /* Date.swift */; };
		1C445C7C2359253F0043A978 /* Color.swift in Sources */ = {isa = PBXBuildFile; fileRef = BFE16AAC234D109D006F94C1 /* Color.swift */; };
		1C445C7F23592B2F0043A978 /* WidgetButton.swift in Sources */ = {isa = PBXBuildFile; fileRef = 1C445C7E23592B2F0043A978 /* WidgetButton.swift */; };
		1C445C81235930D10043A978 /* UIButton.swift in Sources */ = {isa = PBXBuildFile; fileRef = 1C445C80235930D10043A978 /* UIButton.swift */; };
		A0D57989D9DEFACD49EE16D6 /* Pods_Flextimer.framework in Frameworks */ = {isa = PBXBuildFile; fileRef = 4430D25C294FC2114B53953B /* Pods_Flextimer.framework */; };
		B14170AB58BA09784447F94E /* Pods_Flextimer_Widget.framework in Frameworks */ = {isa = PBXBuildFile; fileRef = F6B058166C14D1321615F8A5 /* Pods_Flextimer_Widget.framework */; };
		BF1912AF23D20FCF007F9F10 /* HistoryViewModel.swift in Sources */ = {isa = PBXBuildFile; fileRef = BF1912AE23D20FCF007F9F10 /* HistoryViewModel.swift */; };
		BF28A0D82358A177004654AA /* Delegate.swift in Sources */ = {isa = PBXBuildFile; fileRef = BF28A0D72358A177004654AA /* Delegate.swift */; };
		BF3D682023CA1BA4005F6055 /* TodayViewModel.swift in Sources */ = {isa = PBXBuildFile; fileRef = BF3D681F23CA1BA4005F6055 /* TodayViewModel.swift */; };
		BF3D682223CA3265005F6055 /* FilterNil.swift in Sources */ = {isa = PBXBuildFile; fileRef = BF3D682123CA3265005F6055 /* FilterNil.swift */; };
		BF40806923658C5700547A3A /* UserInfo.swift in Sources */ = {isa = PBXBuildFile; fileRef = BF40806823658C5700547A3A /* UserInfo.swift */; };
		BF40806B23658D4400547A3A /* UserInfo.swift in Sources */ = {isa = PBXBuildFile; fileRef = BF40806823658C5700547A3A /* UserInfo.swift */; };
		BF427E7E23D5F7F600F08943 /* History_Calendar.swift in Sources */ = {isa = PBXBuildFile; fileRef = BF427E7D23D5F7F600F08943 /* History_Calendar.swift */; };
		BF427E8123D6052500F08943 /* HistoryDetailViewController.swift in Sources */ = {isa = PBXBuildFile; fileRef = BF427E8023D6052500F08943 /* HistoryDetailViewController.swift */; };
		BF427E8323D6086100F08943 /* HistoryDetail_TableView.swift in Sources */ = {isa = PBXBuildFile; fileRef = BF427E8223D6086100F08943 /* HistoryDetail_TableView.swift */; };
		BF427E8523D60D9C00F08943 /* HistoryDetailTableViewCell.swift in Sources */ = {isa = PBXBuildFile; fileRef = BF427E8423D60D9C00F08943 /* HistoryDetailTableViewCell.swift */; };
		BF427E8723D6147500F08943 /* HistoryDetailDeleteTableViewCell.swift in Sources */ = {isa = PBXBuildFile; fileRef = BF427E8623D6147500F08943 /* HistoryDetailDeleteTableViewCell.swift */; };
		BF427E8923D72D8500F08943 /* HistoryDetailHolidayTableViewCell.swift in Sources */ = {isa = PBXBuildFile; fileRef = BF427E8823D72D8500F08943 /* HistoryDetailHolidayTableViewCell.swift */; };
		BF427E8C23D733D600F08943 /* HistoryDetailViewModel.swift in Sources */ = {isa = PBXBuildFile; fileRef = BF427E8B23D733D600F08943 /* HistoryDetailViewModel.swift */; };
		BF427E8E23D7492700F08943 /* HistoryHourPickerViewController.swift in Sources */ = {isa = PBXBuildFile; fileRef = BF427E8D23D7492700F08943 /* HistoryHourPickerViewController.swift */; };
		BF427E9023D74B6700F08943 /* HistoryHourPickerView.swift in Sources */ = {isa = PBXBuildFile; fileRef = BF427E8F23D74B6700F08943 /* HistoryHourPickerView.swift */; };
		BF44450823C8D5DC00286305 /* TodayOptionView.swift in Sources */ = {isa = PBXBuildFile; fileRef = BF44450723C8D5DC00286305 /* TodayOptionView.swift */; };
		BF44450A23C8D67800286305 /* Font.swift in Sources */ = {isa = PBXBuildFile; fileRef = BF44450923C8D67800286305 /* Font.swift */; };
		BF44450C23C8D8FC00286305 /* TodayButtonsView.swift in Sources */ = {isa = PBXBuildFile; fileRef = BF44450B23C8D8FC00286305 /* TodayButtonsView.swift */; };
		BF44450D23C8D9A800286305 /* UIButton.swift in Sources */ = {isa = PBXBuildFile; fileRef = 1C445C80235930D10043A978 /* UIButton.swift */; };
		BF44450F23C8DC7400286305 /* TodayTimerView.swift in Sources */ = {isa = PBXBuildFile; fileRef = BF44450E23C8DC7400286305 /* TodayTimerView.swift */; };
		BF44451123C8DF2900286305 /* TodayView.swift in Sources */ = {isa = PBXBuildFile; fileRef = BF44451023C8DF2900286305 /* TodayView.swift */; };
		BF44451323C8DF6F00286305 /* TodayListStackView.swift in Sources */ = {isa = PBXBuildFile; fileRef = BF44451223C8DF6F00286305 /* TodayListStackView.swift */; };
		BF44451523C8DFA000286305 /* TodayListCellView.swift in Sources */ = {isa = PBXBuildFile; fileRef = BF44451423C8DFA000286305 /* TodayListCellView.swift */; };
		BF4497DA23CAE8350024DF53 /* NotificationCenter.swift in Sources */ = {isa = PBXBuildFile; fileRef = BF4497D923CAE8350024DF53 /* NotificationCenter.swift */; };
		BF4497DC23CAEC770024DF53 /* WorkhoursADayViewController.swift in Sources */ = {isa = PBXBuildFile; fileRef = BF4497DB23CAEC770024DF53 /* WorkhoursADayViewController.swift */; };
		BF4497DE23CAEFC90024DF53 /* PickerView.swift in Sources */ = {isa = PBXBuildFile; fileRef = BF4497DD23CAEFC90024DF53 /* PickerView.swift */; };
		BF4497E023CAFFF00024DF53 /* WorkhoursADay_Picker.swift in Sources */ = {isa = PBXBuildFile; fileRef = BF4497DF23CAFFF00024DF53 /* WorkhoursADay_Picker.swift */; };
		BF59DE7523D4943C0009A9A8 /* TodayButton.swift in Sources */ = {isa = PBXBuildFile; fileRef = BF59DE7423D4943C0009A9A8 /* TodayButton.swift */; };
		BF65DD2E23C97ECE00B3EA0B /* SettingDayNameCell.swift in Sources */ = {isa = PBXBuildFile; fileRef = BF65DD2D23C97ECE00B3EA0B /* SettingDayNameCell.swift */; };
		BF65DD3023C985F600B3EA0B /* DayNameButton.swift in Sources */ = {isa = PBXBuildFile; fileRef = BF65DD2F23C985F600B3EA0B /* DayNameButton.swift */; };
		BF65DD3223C9A21900B3EA0B /* Setting_StackView.swift in Sources */ = {isa = PBXBuildFile; fileRef = BF65DD3123C9A21900B3EA0B /* Setting_StackView.swift */; };
		BF65DD3423C9AA7100B3EA0B /* InfoUtil.swift in Sources */ = {isa = PBXBuildFile; fileRef = BF65DD2B23C8FC1E00B3EA0B /* InfoUtil.swift */; };
		BF6D450B23D0CE14006067A8 /* HistoryCellModel.swift in Sources */ = {isa = PBXBuildFile; fileRef = BF6D450A23D0CE14006067A8 /* HistoryCellModel.swift */; };
		BF7E986623C8E8A1002E722D /* BaseTableViewCell.swift in Sources */ = {isa = PBXBuildFile; fileRef = BF7E986523C8E8A1002E722D /* BaseTableViewCell.swift */; };
		BF7E986823C8E8FA002E722D /* HistoryTableViewCell.swift in Sources */ = {isa = PBXBuildFile; fileRef = BF7E986723C8E8FA002E722D /* HistoryTableViewCell.swift */; };
		BF7E986A23C8EA75002E722D /* UITableView.swift in Sources */ = {isa = PBXBuildFile; fileRef = BF7E986923C8EA75002E722D /* UITableView.swift */; };
		BF7E986C23C8EAB2002E722D /* History_TableView.swift in Sources */ = {isa = PBXBuildFile; fileRef = BF7E986B23C8EAB2002E722D /* History_TableView.swift */; };
		BF7E986F23C8ECA4002E722D /* HistoryDateCheckView.swift in Sources */ = {isa = PBXBuildFile; fileRef = BF7E986E23C8ECA4002E722D /* HistoryDateCheckView.swift */; };
		BF7E987223C8F091002E722D /* SettingViewController.swift in Sources */ = {isa = PBXBuildFile; fileRef = BF7E987123C8F091002E722D /* SettingViewController.swift */; };
		BF7E987423C8F1BE002E722D /* Setting_TableView.swift in Sources */ = {isa = PBXBuildFile; fileRef = BF7E987323C8F1BE002E722D /* Setting_TableView.swift */; };
		BF7E987623C8F38E002E722D /* SettingCellModel.swift in Sources */ = {isa = PBXBuildFile; fileRef = BF7E987523C8F38E002E722D /* SettingCellModel.swift */; };
		BF7E987823C8F40E002E722D /* CellComponent.swift in Sources */ = {isa = PBXBuildFile; fileRef = BF7E987723C8F40E002E722D /* CellComponent.swift */; };
		BF7E987D23C8F494002E722D /* SettingCell.swift in Sources */ = {isa = PBXBuildFile; fileRef = BF7E987C23C8F493002E722D /* SettingCell.swift */; };
		BF7E988023C8F4CA002E722D /* SettingViewModel.swift in Sources */ = {isa = PBXBuildFile; fileRef = BF7E987F23C8F4CA002E722D /* SettingViewModel.swift */; };
		BF7ECBC1234CE3420078AE6C /* TimeInterval.swift in Sources */ = {isa = PBXBuildFile; fileRef = BF7ECBC0234CE3420078AE6C /* TimeInterval.swift */; };
		BF7ECBC6234CF89B0078AE6C /* DebugPrint.swift in Sources */ = {isa = PBXBuildFile; fileRef = BF7ECBC4234CF8480078AE6C /* DebugPrint.swift */; };
		BF7ECBC8234CFD9D0078AE6C /* Formatter.swift in Sources */ = {isa = PBXBuildFile; fileRef = BF7ECBC7234CFD9D0078AE6C /* Formatter.swift */; };
		BFAC856F23C8BD7900C1663F /* MainInterface.storyboard in Resources */ = {isa = PBXBuildFile; fileRef = BFDED1652358AFD2003AFA67 /* MainInterface.storyboard */; };
		BFAC857223C8BF9900C1663F /* TabBarController.swift in Sources */ = {isa = PBXBuildFile; fileRef = BFAC857123C8BF9900C1663F /* TabBarController.swift */; };
		BFAC857423C8C71400C1663F /* TodayViewController.swift in Sources */ = {isa = PBXBuildFile; fileRef = BFAC857323C8C71400C1663F /* TodayViewController.swift */; };
		BFAC857723C8C75100C1663F /* BaseViewController.swift in Sources */ = {isa = PBXBuildFile; fileRef = BFAC857623C8C75100C1663F /* BaseViewController.swift */; };
		BFAC857923C8C79D00C1663F /* HistoryViewController.swift in Sources */ = {isa = PBXBuildFile; fileRef = BFAC857823C8C79D00C1663F /* HistoryViewController.swift */; };
		BFAC857B23C8C85400C1663F /* Logger.swift in Sources */ = {isa = PBXBuildFile; fileRef = BFAC857A23C8C85400C1663F /* Logger.swift */; };
		BFB691C923D4A06900D24885 /* YearMonthPickerView.swift in Sources */ = {isa = PBXBuildFile; fileRef = BFB691C823D4A06900D24885 /* YearMonthPickerView.swift */; };
		BFB691CB23D4A71100D24885 /* HistoryButton.swift in Sources */ = {isa = PBXBuildFile; fileRef = BFB691CA23D4A71100D24885 /* HistoryButton.swift */; };
		BFBCA15023C9C53300FC6774 /* SceneDelegate.swift in Sources */ = {isa = PBXBuildFile; fileRef = BFBCA14F23C9C53300FC6774 /* SceneDelegate.swift */; };
		BFBCA15223C9CEEE00FC6774 /* SettingURLModel.swift in Sources */ = {isa = PBXBuildFile; fileRef = BFBCA15123C9CEEE00FC6774 /* SettingURLModel.swift */; };
		BFDA4AE3234CB5E700A7211C /* UserData.swift in Sources */ = {isa = PBXBuildFile; fileRef = BFDA4AE2234CB5E700A7211C /* UserData.swift */; };
		BFDDF01323CB353200744F2C /* TodayViewController_Notification.swift in Sources */ = {isa = PBXBuildFile; fileRef = BFDDF01223CB353200744F2C /* TodayViewController_Notification.swift */; };
		BFDED1562358A9A9003AFA67 /* Int.swift in Sources */ = {isa = PBXBuildFile; fileRef = BFDED1552358A9A9003AFA67 /* Int.swift */; };
		BFDED1582358AC1A003AFA67 /* UIColor.swift in Sources */ = {isa = PBXBuildFile; fileRef = BFDED1572358AC1A003AFA67 /* UIColor.swift */; };
		BFDED15A2358AD21003AFA67 /* ScreenSize.swift in Sources */ = {isa = PBXBuildFile; fileRef = BFDED1592358AD21003AFA67 /* ScreenSize.swift */; };
		BFDED1612358AFD2003AFA67 /* NotificationCenter.framework in Frameworks */ = {isa = PBXBuildFile; fileRef = BFDED1602358AFD2003AFA67 /* NotificationCenter.framework */; };
		BFDED1642358AFD2003AFA67 /* TodayViewController.swift in Sources */ = {isa = PBXBuildFile; fileRef = BFDED1632358AFD2003AFA67 /* TodayViewController.swift */; };
		BFDED16B2358AFD2003AFA67 /* Widget.appex in Embed App Extensions */ = {isa = PBXBuildFile; fileRef = BFDED15F2358AFD2003AFA67 /* Widget.appex */; settings = {ATTRIBUTES = (RemoveHeadersOnCopy, ); }; };
		BFDED1752358C86E003AFA67 /* Today_Action.swift in Sources */ = {isa = PBXBuildFile; fileRef = BFDED1742358C86E003AFA67 /* Today_Action.swift */; };
		BFDED1772358C938003AFA67 /* UIColor.swift in Sources */ = {isa = PBXBuildFile; fileRef = BFDED1572358AC1A003AFA67 /* UIColor.swift */; };
		BFDED1782358C96C003AFA67 /* WorkRecord.swift in Sources */ = {isa = PBXBuildFile; fileRef = 1C1AEB40234B572600FFB348 /* WorkRecord.swift */; };
		BFDED1792358C974003AFA67 /* RealmService.swift in Sources */ = {isa = PBXBuildFile; fileRef = 1C1AEB42234B5FF100FFB348 /* RealmService.swift */; };
		BFDED17A2358C97D003AFA67 /* DebugPrint.swift in Sources */ = {isa = PBXBuildFile; fileRef = BF7ECBC4234CF8480078AE6C /* DebugPrint.swift */; };
		BFDED17B2358C99A003AFA67 /* Date.swift in Sources */ = {isa = PBXBuildFile; fileRef = 1C23D0B4234B0CAF000CB037 /* Date.swift */; };
		BFDED17C2358D027003AFA67 /* Formatter.swift in Sources */ = {isa = PBXBuildFile; fileRef = BF7ECBC7234CFD9D0078AE6C /* Formatter.swift */; };
		BFDED17D2358D1EA003AFA67 /* TimeInterval.swift in Sources */ = {isa = PBXBuildFile; fileRef = BF7ECBC0234CE3420078AE6C /* TimeInterval.swift */; };
		BFDED17E2358D250003AFA67 /* Int.swift in Sources */ = {isa = PBXBuildFile; fileRef = BFDED1552358A9A9003AFA67 /* Int.swift */; };
		BFDED17F2358D50E003AFA67 /* UserData.swift in Sources */ = {isa = PBXBuildFile; fileRef = BFDA4AE2234CB5E700A7211C /* UserData.swift */; };
		BFDFA07723D49C6B001F9832 /* YearMonthPickerViewController.swift in Sources */ = {isa = PBXBuildFile; fileRef = BFDFA07623D49C6B001F9832 /* YearMonthPickerViewController.swift */; };
		BFDFA07B23D49D1B001F9832 /* YearMonth_Picker.swift in Sources */ = {isa = PBXBuildFile; fileRef = BFDFA07A23D49D1B001F9832 /* YearMonth_Picker.swift */; };
		BFDFA07D23D49E23001F9832 /* YearMonthPicker.swift in Sources */ = {isa = PBXBuildFile; fileRef = BFDFA07C23D49E23001F9832 /* YearMonthPicker.swift */; };
		BFE16AAD234D109D006F94C1 /* Color.swift in Sources */ = {isa = PBXBuildFile; fileRef = BFE16AAC234D109D006F94C1 /* Color.swift */; };
		BFF2A9AC23CCB5A800F3B071 /* TodayViewController_Alert.swift in Sources */ = {isa = PBXBuildFile; fileRef = BFF2A9AB23CCB5A800F3B071 /* TodayViewController_Alert.swift */; };
		BFF96FDA23464A66002F5802 /* AppDelegate.swift in Sources */ = {isa = PBXBuildFile; fileRef = BFF96FD923464A66002F5802 /* AppDelegate.swift */; };
		BFF96FE023464A68002F5802 /* Assets.xcassets in Resources */ = {isa = PBXBuildFile; fileRef = BFF96FDF23464A68002F5802 /* Assets.xcassets */; };
		BFF96FE623464A68002F5802 /* LaunchScreen.storyboard in Resources */ = {isa = PBXBuildFile; fileRef = BFF96FE423464A68002F5802 /* LaunchScreen.storyboard */; };
/* End PBXBuildFile section */

/* Begin PBXContainerItemProxy section */
		BFDED1692358AFD2003AFA67 /* PBXContainerItemProxy */ = {
			isa = PBXContainerItemProxy;
			containerPortal = BFF96FCE23464A66002F5802 /* Project object */;
			proxyType = 1;
			remoteGlobalIDString = BFDED15E2358AFD2003AFA67;
			remoteInfo = Widget;
		};
/* End PBXContainerItemProxy section */

/* Begin PBXCopyFilesBuildPhase section */
		BFDED16F2358AFD2003AFA67 /* Embed App Extensions */ = {
			isa = PBXCopyFilesBuildPhase;
			buildActionMask = 2147483647;
			dstPath = "";
			dstSubfolderSpec = 13;
			files = (
				BFDED16B2358AFD2003AFA67 /* Widget.appex in Embed App Extensions */,
			);
			name = "Embed App Extensions";
			runOnlyForDeploymentPostprocessing = 0;
		};
/* End PBXCopyFilesBuildPhase section */

/* Begin PBXFileReference section */
		1C01733423791F5500663D5C /* WebView.swift */ = {isa = PBXFileReference; lastKnownFileType = sourcecode.swift; path = WebView.swift; sourceTree = "<group>"; };
		1C04EDE4237D674800E85440 /* WeekDetailViewModel.swift */ = {isa = PBXFileReference; lastKnownFileType = sourcecode.swift; path = WeekDetailViewModel.swift; sourceTree = "<group>"; };
		1C10D1A1234AFCD30026DD50 /* ButtonView.swift */ = {isa = PBXFileReference; lastKnownFileType = sourcecode.swift; path = ButtonView.swift; sourceTree = "<group>"; };
		1C1AEB40234B572600FFB348 /* WorkRecord.swift */ = {isa = PBXFileReference; lastKnownFileType = sourcecode.swift; path = WorkRecord.swift; sourceTree = "<group>"; };
		1C1AEB42234B5FF100FFB348 /* RealmService.swift */ = {isa = PBXFileReference; lastKnownFileType = sourcecode.swift; path = RealmService.swift; sourceTree = "<group>"; };
		1C23D0B4234B0CAF000CB037 /* Date.swift */ = {isa = PBXFileReference; lastKnownFileType = sourcecode.swift; path = Date.swift; sourceTree = "<group>"; };
		1C3F623523671AC300417C7F /* WeekDetailView.swift */ = {isa = PBXFileReference; lastKnownFileType = sourcecode.swift; path = WeekDetailView.swift; sourceTree = "<group>"; };
		1C445C7E23592B2F0043A978 /* WidgetButton.swift */ = {isa = PBXFileReference; lastKnownFileType = sourcecode.swift; path = WidgetButton.swift; sourceTree = "<group>"; };
		1C445C80235930D10043A978 /* UIButton.swift */ = {isa = PBXFileReference; lastKnownFileType = sourcecode.swift; path = UIButton.swift; sourceTree = "<group>"; };
		4430D25C294FC2114B53953B /* Pods_Flextimer.framework */ = {isa = PBXFileReference; explicitFileType = wrapper.framework; includeInIndex = 0; path = Pods_Flextimer.framework; sourceTree = BUILT_PRODUCTS_DIR; };
		87F7E2D88B8929A88AA77E76 /* Pods-Flextimer.release.xcconfig */ = {isa = PBXFileReference; includeInIndex = 1; lastKnownFileType = text.xcconfig; name = "Pods-Flextimer.release.xcconfig"; path = "Target Support Files/Pods-Flextimer/Pods-Flextimer.release.xcconfig"; sourceTree = "<group>"; };
		9F5AFA222ABA8F6BE2CE3595 /* Pods-Flextimer-Widget.debug.xcconfig */ = {isa = PBXFileReference; includeInIndex = 1; lastKnownFileType = text.xcconfig; name = "Pods-Flextimer-Widget.debug.xcconfig"; path = "Target Support Files/Pods-Flextimer-Widget/Pods-Flextimer-Widget.debug.xcconfig"; sourceTree = "<group>"; };
		BF18D7E4234E1D1000FFB49F /* RootView.swift */ = {isa = PBXFileReference; lastKnownFileType = sourcecode.swift; path = RootView.swift; sourceTree = "<group>"; };
		BF1912AE23D20FCF007F9F10 /* HistoryViewModel.swift */ = {isa = PBXFileReference; lastKnownFileType = sourcecode.swift; path = HistoryViewModel.swift; sourceTree = "<group>"; };
		BF28A0D72358A177004654AA /* Delegate.swift */ = {isa = PBXFileReference; lastKnownFileType = sourcecode.swift; path = Delegate.swift; sourceTree = "<group>"; };
		BF3D681F23CA1BA4005F6055 /* TodayViewModel.swift */ = {isa = PBXFileReference; lastKnownFileType = sourcecode.swift; path = TodayViewModel.swift; sourceTree = "<group>"; };
		BF3D682123CA3265005F6055 /* FilterNil.swift */ = {isa = PBXFileReference; lastKnownFileType = sourcecode.swift; path = FilterNil.swift; sourceTree = "<group>"; };
		BF40806823658C5700547A3A /* UserInfo.swift */ = {isa = PBXFileReference; lastKnownFileType = sourcecode.swift; path = UserInfo.swift; sourceTree = "<group>"; };
		BF4129D2234DB78D00425149 /* Row.swift */ = {isa = PBXFileReference; lastKnownFileType = sourcecode.swift; path = Row.swift; sourceTree = "<group>"; };
		BF4129D4234DB8D900425149 /* RowListView.swift */ = {isa = PBXFileReference; lastKnownFileType = sourcecode.swift; path = RowListView.swift; sourceTree = "<group>"; };
		BF4129D8234DC88D00425149 /* SettingView.swift */ = {isa = PBXFileReference; lastKnownFileType = sourcecode.swift; path = SettingView.swift; sourceTree = "<group>"; };
		BF427E7D23D5F7F600F08943 /* History_Calendar.swift */ = {isa = PBXFileReference; lastKnownFileType = sourcecode.swift; path = History_Calendar.swift; sourceTree = "<group>"; };
		BF427E8023D6052500F08943 /* HistoryDetailViewController.swift */ = {isa = PBXFileReference; lastKnownFileType = sourcecode.swift; path = HistoryDetailViewController.swift; sourceTree = "<group>"; };
		BF427E8223D6086100F08943 /* HistoryDetail_TableView.swift */ = {isa = PBXFileReference; lastKnownFileType = sourcecode.swift; path = HistoryDetail_TableView.swift; sourceTree = "<group>"; };
		BF427E8423D60D9C00F08943 /* HistoryDetailTableViewCell.swift */ = {isa = PBXFileReference; lastKnownFileType = sourcecode.swift; path = HistoryDetailTableViewCell.swift; sourceTree = "<group>"; };
		BF427E8623D6147500F08943 /* HistoryDetailDeleteTableViewCell.swift */ = {isa = PBXFileReference; lastKnownFileType = sourcecode.swift; path = HistoryDetailDeleteTableViewCell.swift; sourceTree = "<group>"; };
		BF427E8823D72D8500F08943 /* HistoryDetailHolidayTableViewCell.swift */ = {isa = PBXFileReference; lastKnownFileType = sourcecode.swift; path = HistoryDetailHolidayTableViewCell.swift; sourceTree = "<group>"; };
		BF427E8B23D733D600F08943 /* HistoryDetailViewModel.swift */ = {isa = PBXFileReference; lastKnownFileType = sourcecode.swift; path = HistoryDetailViewModel.swift; sourceTree = "<group>"; };
		BF427E8D23D7492700F08943 /* HistoryHourPickerViewController.swift */ = {isa = PBXFileReference; lastKnownFileType = sourcecode.swift; path = HistoryHourPickerViewController.swift; sourceTree = "<group>"; };
		BF427E8F23D74B6700F08943 /* HistoryHourPickerView.swift */ = {isa = PBXFileReference; lastKnownFileType = sourcecode.swift; path = HistoryHourPickerView.swift; sourceTree = "<group>"; };
		BF44450723C8D5DC00286305 /* TodayOptionView.swift */ = {isa = PBXFileReference; lastKnownFileType = sourcecode.swift; path = TodayOptionView.swift; sourceTree = "<group>"; };
		BF44450923C8D67800286305 /* Font.swift */ = {isa = PBXFileReference; lastKnownFileType = sourcecode.swift; path = Font.swift; sourceTree = "<group>"; };
		BF44450B23C8D8FC00286305 /* TodayButtonsView.swift */ = {isa = PBXFileReference; lastKnownFileType = sourcecode.swift; path = TodayButtonsView.swift; sourceTree = "<group>"; };
		BF44450E23C8DC7400286305 /* TodayTimerView.swift */ = {isa = PBXFileReference; lastKnownFileType = sourcecode.swift; path = TodayTimerView.swift; sourceTree = "<group>"; };
		BF44451023C8DF2900286305 /* TodayView.swift */ = {isa = PBXFileReference; lastKnownFileType = sourcecode.swift; path = TodayView.swift; sourceTree = "<group>"; };
		BF44451223C8DF6F00286305 /* TodayListStackView.swift */ = {isa = PBXFileReference; lastKnownFileType = sourcecode.swift; path = TodayListStackView.swift; sourceTree = "<group>"; };
		BF44451423C8DFA000286305 /* TodayListCellView.swift */ = {isa = PBXFileReference; lastKnownFileType = sourcecode.swift; path = TodayListCellView.swift; sourceTree = "<group>"; };
		BF4497D923CAE8350024DF53 /* NotificationCenter.swift */ = {isa = PBXFileReference; lastKnownFileType = sourcecode.swift; path = NotificationCenter.swift; sourceTree = "<group>"; };
		BF4497DB23CAEC770024DF53 /* WorkhoursADayViewController.swift */ = {isa = PBXFileReference; lastKnownFileType = sourcecode.swift; path = WorkhoursADayViewController.swift; sourceTree = "<group>"; };
		BF4497DD23CAEFC90024DF53 /* PickerView.swift */ = {isa = PBXFileReference; lastKnownFileType = sourcecode.swift; path = PickerView.swift; sourceTree = "<group>"; };
		BF4497DF23CAFFF00024DF53 /* WorkhoursADay_Picker.swift */ = {isa = PBXFileReference; lastKnownFileType = sourcecode.swift; path = WorkhoursADay_Picker.swift; sourceTree = "<group>"; };
		BF4678AF234D576E00B61A9C /* MainRowView.swift */ = {isa = PBXFileReference; lastKnownFileType = sourcecode.swift; path = MainRowView.swift; sourceTree = "<group>"; };
		BF59DE7423D4943C0009A9A8 /* TodayButton.swift */ = {isa = PBXFileReference; lastKnownFileType = sourcecode.swift; path = TodayButton.swift; sourceTree = "<group>"; };
		BF65DD2B23C8FC1E00B3EA0B /* InfoUtil.swift */ = {isa = PBXFileReference; lastKnownFileType = sourcecode.swift; path = InfoUtil.swift; sourceTree = "<group>"; };
		BF65DD2D23C97ECE00B3EA0B /* SettingDayNameCell.swift */ = {isa = PBXFileReference; lastKnownFileType = sourcecode.swift; path = SettingDayNameCell.swift; sourceTree = "<group>"; };
		BF65DD2F23C985F600B3EA0B /* DayNameButton.swift */ = {isa = PBXFileReference; lastKnownFileType = sourcecode.swift; path = DayNameButton.swift; sourceTree = "<group>"; };
		BF65DD3123C9A21900B3EA0B /* Setting_StackView.swift */ = {isa = PBXFileReference; lastKnownFileType = sourcecode.swift; path = Setting_StackView.swift; sourceTree = "<group>"; };
		BF6D450A23D0CE14006067A8 /* HistoryCellModel.swift */ = {isa = PBXFileReference; lastKnownFileType = sourcecode.swift; path = HistoryCellModel.swift; sourceTree = "<group>"; };
		BF7E986523C8E8A1002E722D /* BaseTableViewCell.swift */ = {isa = PBXFileReference; lastKnownFileType = sourcecode.swift; path = BaseTableViewCell.swift; sourceTree = "<group>"; };
		BF7E986723C8E8FA002E722D /* HistoryTableViewCell.swift */ = {isa = PBXFileReference; lastKnownFileType = sourcecode.swift; path = HistoryTableViewCell.swift; sourceTree = "<group>"; };
		BF7E986923C8EA75002E722D /* UITableView.swift */ = {isa = PBXFileReference; lastKnownFileType = sourcecode.swift; path = UITableView.swift; sourceTree = "<group>"; };
		BF7E986B23C8EAB2002E722D /* History_TableView.swift */ = {isa = PBXFileReference; lastKnownFileType = sourcecode.swift; path = History_TableView.swift; sourceTree = "<group>"; };
		BF7E986E23C8ECA4002E722D /* HistoryDateCheckView.swift */ = {isa = PBXFileReference; lastKnownFileType = sourcecode.swift; path = HistoryDateCheckView.swift; sourceTree = "<group>"; };
		BF7E987123C8F091002E722D /* SettingViewController.swift */ = {isa = PBXFileReference; lastKnownFileType = sourcecode.swift; path = SettingViewController.swift; sourceTree = "<group>"; };
		BF7E987323C8F1BE002E722D /* Setting_TableView.swift */ = {isa = PBXFileReference; lastKnownFileType = sourcecode.swift; path = Setting_TableView.swift; sourceTree = "<group>"; };
		BF7E987523C8F38E002E722D /* SettingCellModel.swift */ = {isa = PBXFileReference; lastKnownFileType = sourcecode.swift; path = SettingCellModel.swift; sourceTree = "<group>"; };
		BF7E987723C8F40E002E722D /* CellComponent.swift */ = {isa = PBXFileReference; lastKnownFileType = sourcecode.swift; path = CellComponent.swift; sourceTree = "<group>"; };
		BF7E987C23C8F493002E722D /* SettingCell.swift */ = {isa = PBXFileReference; lastKnownFileType = sourcecode.swift; path = SettingCell.swift; sourceTree = "<group>"; };
		BF7E987F23C8F4CA002E722D /* SettingViewModel.swift */ = {isa = PBXFileReference; lastKnownFileType = sourcecode.swift; path = SettingViewModel.swift; sourceTree = "<group>"; };
		BF7ECBBC234CC9190078AE6C /* TimerView.swift */ = {isa = PBXFileReference; lastKnownFileType = sourcecode.swift; path = TimerView.swift; sourceTree = "<group>"; };
		BF7ECBBE234CE0EE0078AE6C /* CurrentTimer.swift */ = {isa = PBXFileReference; lastKnownFileType = sourcecode.swift; path = CurrentTimer.swift; sourceTree = "<group>"; };
		BF7ECBC0234CE3420078AE6C /* TimeInterval.swift */ = {isa = PBXFileReference; lastKnownFileType = sourcecode.swift; path = TimeInterval.swift; sourceTree = "<group>"; };
		BF7ECBC4234CF8480078AE6C /* DebugPrint.swift */ = {isa = PBXFileReference; lastKnownFileType = sourcecode.swift; path = DebugPrint.swift; sourceTree = "<group>"; };
		BF7ECBC7234CFD9D0078AE6C /* Formatter.swift */ = {isa = PBXFileReference; lastKnownFileType = sourcecode.swift; path = Formatter.swift; sourceTree = "<group>"; };
		BFAC857123C8BF9900C1663F /* TabBarController.swift */ = {isa = PBXFileReference; lastKnownFileType = sourcecode.swift; path = TabBarController.swift; sourceTree = "<group>"; };
		BFAC857323C8C71400C1663F /* TodayViewController.swift */ = {isa = PBXFileReference; lastKnownFileType = sourcecode.swift; path = TodayViewController.swift; sourceTree = "<group>"; };
		BFAC857623C8C75100C1663F /* BaseViewController.swift */ = {isa = PBXFileReference; lastKnownFileType = sourcecode.swift; path = BaseViewController.swift; sourceTree = "<group>"; };
		BFAC857823C8C79D00C1663F /* HistoryViewController.swift */ = {isa = PBXFileReference; lastKnownFileType = sourcecode.swift; path = HistoryViewController.swift; sourceTree = "<group>"; };
		BFAC857A23C8C85400C1663F /* Logger.swift */ = {isa = PBXFileReference; lastKnownFileType = sourcecode.swift; path = Logger.swift; sourceTree = "<group>"; };
		BFB691C823D4A06900D24885 /* YearMonthPickerView.swift */ = {isa = PBXFileReference; lastKnownFileType = sourcecode.swift; path = YearMonthPickerView.swift; sourceTree = "<group>"; };
		BFB691CA23D4A71100D24885 /* HistoryButton.swift */ = {isa = PBXFileReference; lastKnownFileType = sourcecode.swift; path = HistoryButton.swift; sourceTree = "<group>"; };
		BFBCA14F23C9C53300FC6774 /* SceneDelegate.swift */ = {isa = PBXFileReference; lastKnownFileType = sourcecode.swift; path = SceneDelegate.swift; sourceTree = "<group>"; };
		BFBCA15123C9CEEE00FC6774 /* SettingURLModel.swift */ = {isa = PBXFileReference; lastKnownFileType = sourcecode.swift; path = SettingURLModel.swift; sourceTree = "<group>"; };
		BFDA4AE2234CB5E700A7211C /* UserData.swift */ = {isa = PBXFileReference; lastKnownFileType = sourcecode.swift; path = UserData.swift; sourceTree = "<group>"; };
		BFDDF01223CB353200744F2C /* TodayViewController_Notification.swift */ = {isa = PBXFileReference; lastKnownFileType = sourcecode.swift; path = TodayViewController_Notification.swift; sourceTree = "<group>"; };
		BFDED1552358A9A9003AFA67 /* Int.swift */ = {isa = PBXFileReference; lastKnownFileType = sourcecode.swift; path = Int.swift; sourceTree = "<group>"; };
		BFDED1572358AC1A003AFA67 /* UIColor.swift */ = {isa = PBXFileReference; lastKnownFileType = sourcecode.swift; path = UIColor.swift; sourceTree = "<group>"; };
		BFDED1592358AD21003AFA67 /* ScreenSize.swift */ = {isa = PBXFileReference; lastKnownFileType = sourcecode.swift; path = ScreenSize.swift; sourceTree = "<group>"; };
		BFDED15F2358AFD2003AFA67 /* Widget.appex */ = {isa = PBXFileReference; explicitFileType = "wrapper.app-extension"; includeInIndex = 0; path = Widget.appex; sourceTree = BUILT_PRODUCTS_DIR; };
		BFDED1602358AFD2003AFA67 /* NotificationCenter.framework */ = {isa = PBXFileReference; lastKnownFileType = wrapper.framework; name = NotificationCenter.framework; path = System/Library/Frameworks/NotificationCenter.framework; sourceTree = SDKROOT; };
		BFDED1632358AFD2003AFA67 /* TodayViewController.swift */ = {isa = PBXFileReference; lastKnownFileType = sourcecode.swift; path = TodayViewController.swift; sourceTree = "<group>"; };
		BFDED1662358AFD2003AFA67 /* Base */ = {isa = PBXFileReference; lastKnownFileType = file.storyboard; name = Base; path = Base.lproj/MainInterface.storyboard; sourceTree = "<group>"; };
		BFDED1682358AFD2003AFA67 /* Info.plist */ = {isa = PBXFileReference; lastKnownFileType = text.plist.xml; path = Info.plist; sourceTree = "<group>"; };
		BFDED1722358BCCF003AFA67 /* Flextimer.entitlements */ = {isa = PBXFileReference; lastKnownFileType = text.plist.entitlements; path = Flextimer.entitlements; sourceTree = "<group>"; };
		BFDED1732358BD0C003AFA67 /* Widget.entitlements */ = {isa = PBXFileReference; lastKnownFileType = text.plist.entitlements; path = Widget.entitlements; sourceTree = "<group>"; };
		BFDED1742358C86E003AFA67 /* Today_Action.swift */ = {isa = PBXFileReference; lastKnownFileType = sourcecode.swift; path = Today_Action.swift; sourceTree = "<group>"; };
		BFDFA07623D49C6B001F9832 /* YearMonthPickerViewController.swift */ = {isa = PBXFileReference; lastKnownFileType = sourcecode.swift; path = YearMonthPickerViewController.swift; sourceTree = "<group>"; };
		BFDFA07A23D49D1B001F9832 /* YearMonth_Picker.swift */ = {isa = PBXFileReference; lastKnownFileType = sourcecode.swift; path = YearMonth_Picker.swift; sourceTree = "<group>"; };
		BFDFA07C23D49E23001F9832 /* YearMonthPicker.swift */ = {isa = PBXFileReference; lastKnownFileType = sourcecode.swift; path = YearMonthPicker.swift; sourceTree = "<group>"; };
		BFE16AAC234D109D006F94C1 /* Color.swift */ = {isa = PBXFileReference; lastKnownFileType = sourcecode.swift; path = Color.swift; sourceTree = "<group>"; };
		BFEDCC942346865C0043E0B0 /* CreteriaView.swift */ = {isa = PBXFileReference; lastKnownFileType = sourcecode.swift; path = CreteriaView.swift; sourceTree = "<group>"; };
		BFF2A9AB23CCB5A800F3B071 /* TodayViewController_Alert.swift */ = {isa = PBXFileReference; lastKnownFileType = sourcecode.swift; path = TodayViewController_Alert.swift; sourceTree = "<group>"; };
		BFF77937234F600500B229A2 /* WeekView.swift */ = {isa = PBXFileReference; lastKnownFileType = sourcecode.swift; path = WeekView.swift; sourceTree = "<group>"; };
		BFF77939234F62BC00B229A2 /* WeekListView.swift */ = {isa = PBXFileReference; lastKnownFileType = sourcecode.swift; path = WeekListView.swift; sourceTree = "<group>"; };
		BFF96FD623464A66002F5802 /* Flextimer.app */ = {isa = PBXFileReference; explicitFileType = wrapper.application; includeInIndex = 0; path = Flextimer.app; sourceTree = BUILT_PRODUCTS_DIR; };
		BFF96FD923464A66002F5802 /* AppDelegate.swift */ = {isa = PBXFileReference; lastKnownFileType = sourcecode.swift; path = AppDelegate.swift; sourceTree = "<group>"; };
		BFF96FDF23464A68002F5802 /* Assets.xcassets */ = {isa = PBXFileReference; lastKnownFileType = folder.assetcatalog; path = Assets.xcassets; sourceTree = "<group>"; };
		BFF96FE523464A68002F5802 /* Base */ = {isa = PBXFileReference; lastKnownFileType = file.storyboard; name = Base; path = Base.lproj/LaunchScreen.storyboard; sourceTree = "<group>"; };
		BFF96FE723464A68002F5802 /* Info.plist */ = {isa = PBXFileReference; lastKnownFileType = text.plist.xml; path = Info.plist; sourceTree = "<group>"; };
		C46A467080250DEDD0884778 /* Pods-Flextimer-Widget.release.xcconfig */ = {isa = PBXFileReference; includeInIndex = 1; lastKnownFileType = text.xcconfig; name = "Pods-Flextimer-Widget.release.xcconfig"; path = "Target Support Files/Pods-Flextimer-Widget/Pods-Flextimer-Widget.release.xcconfig"; sourceTree = "<group>"; };
		DF2392A6C1922842F5BEC072 /* Pods-Flextimer.debug.xcconfig */ = {isa = PBXFileReference; includeInIndex = 1; lastKnownFileType = text.xcconfig; name = "Pods-Flextimer.debug.xcconfig"; path = "Target Support Files/Pods-Flextimer/Pods-Flextimer.debug.xcconfig"; sourceTree = "<group>"; };
		F6B058166C14D1321615F8A5 /* Pods_Flextimer_Widget.framework */ = {isa = PBXFileReference; explicitFileType = wrapper.framework; includeInIndex = 0; path = Pods_Flextimer_Widget.framework; sourceTree = BUILT_PRODUCTS_DIR; };
/* End PBXFileReference section */

/* Begin PBXFrameworksBuildPhase section */
		BFDED15C2358AFD2003AFA67 /* Frameworks */ = {
			isa = PBXFrameworksBuildPhase;
			buildActionMask = 2147483647;
			files = (
				BFDED1612358AFD2003AFA67 /* NotificationCenter.framework in Frameworks */,
				B14170AB58BA09784447F94E /* Pods_Flextimer_Widget.framework in Frameworks */,
			);
			runOnlyForDeploymentPostprocessing = 0;
		};
		BFF96FD323464A66002F5802 /* Frameworks */ = {
			isa = PBXFrameworksBuildPhase;
			buildActionMask = 2147483647;
			files = (
				A0D57989D9DEFACD49EE16D6 /* Pods_Flextimer.framework in Frameworks */,
			);
			runOnlyForDeploymentPostprocessing = 0;
		};
/* End PBXFrameworksBuildPhase section */

/* Begin PBXGroup section */
		01A3B50145F900FFD43E5F23 /* Pods */ = {
			isa = PBXGroup;
			children = (
				DF2392A6C1922842F5BEC072 /* Pods-Flextimer.debug.xcconfig */,
				87F7E2D88B8929A88AA77E76 /* Pods-Flextimer.release.xcconfig */,
				9F5AFA222ABA8F6BE2CE3595 /* Pods-Flextimer-Widget.debug.xcconfig */,
				C46A467080250DEDD0884778 /* Pods-Flextimer-Widget.release.xcconfig */,
			);
			path = Pods;
			sourceTree = "<group>";
		};
		1C1AEB44234B6EA600FFB348 /* Realm */ = {
			isa = PBXGroup;
			children = (
				BF40806823658C5700547A3A /* UserInfo.swift */,
				1C1AEB40234B572600FFB348 /* WorkRecord.swift */,
				1C1AEB42234B5FF100FFB348 /* RealmService.swift */,
			);
			path = Realm;
			sourceTree = "<group>";
		};
		1C1AEB45234B6EC400FFB348 /* SwiftUI */ = {
			isa = PBXGroup;
			children = (
				BF4129D6234DC85900425149 /* Main */,
				BFF77934234F5FAE00B229A2 /* Week */,
				BF4129D7234DC87800425149 /* Setting */,
			);
			path = SwiftUI;
			sourceTree = "<group>";
		};
		1C23D0B6234B0CB2000CB037 /* Extension */ = {
			isa = PBXGroup;
			children = (
				BF28A0D72358A177004654AA /* Delegate.swift */,
				1C23D0B4234B0CAF000CB037 /* Date.swift */,
				BFDED1572358AC1A003AFA67 /* UIColor.swift */,
				1C445C80235930D10043A978 /* UIButton.swift */,
				BF7ECBC0234CE3420078AE6C /* TimeInterval.swift */,
				BFDED1552358A9A9003AFA67 /* Int.swift */,
				BFAC857A23C8C85400C1663F /* Logger.swift */,
				BF7E986923C8EA75002E722D /* UITableView.swift */,
				BF3D682123CA3265005F6055 /* FilterNil.swift */,
				BF4497D923CAE8350024DF53 /* NotificationCenter.swift */,
			);
			path = Extension;
			sourceTree = "<group>";
		};
		1CCEEE30234B0300007E3247 /* SupportViews */ = {
			isa = PBXGroup;
			children = (
				BFEDCC942346865C0043E0B0 /* CreteriaView.swift */,
				1C10D1A1234AFCD30026DD50 /* ButtonView.swift */,
				BF7ECBBC234CC9190078AE6C /* TimerView.swift */,
				BF4678AF234D576E00B61A9C /* MainRowView.swift */,
				BF4129D4234DB8D900425149 /* RowListView.swift */,
			);
			path = SupportViews;
			sourceTree = "<group>";
		};
		8C96921728ADCE0A342BC1C6 /* Frameworks */ = {
			isa = PBXGroup;
			children = (
				4430D25C294FC2114B53953B /* Pods_Flextimer.framework */,
				BFDED1602358AFD2003AFA67 /* NotificationCenter.framework */,
				F6B058166C14D1321615F8A5 /* Pods_Flextimer_Widget.framework */,
			);
			name = Frameworks;
			sourceTree = "<group>";
		};
		BF18D7D8234DEA3700FFB49F /* SupporViews */ = {
			isa = PBXGroup;
			children = (
				1C01733423791F5500663D5C /* WebView.swift */,
			);
			path = SupporViews;
			sourceTree = "<group>";
		};
		BF1912AC23D20FA4007F9F10 /* Cell */ = {
			isa = PBXGroup;
			children = (
				BF6D450A23D0CE14006067A8 /* HistoryCellModel.swift */,
				BF7E986723C8E8FA002E722D /* HistoryTableViewCell.swift */,
			);
			path = Cell;
			sourceTree = "<group>";
		};
		BF1912AD23D20FB9007F9F10 /* ViewModel */ = {
			isa = PBXGroup;
			children = (
				BF1912AE23D20FCF007F9F10 /* HistoryViewModel.swift */,
			);
			path = ViewModel;
			sourceTree = "<group>";
		};
		BF28A0D92358A1D1004654AA /* Resources */ = {
			isa = PBXGroup;
			children = (
				BFF96FDF23464A68002F5802 /* Assets.xcassets */,
				BFF96FE423464A68002F5802 /* LaunchScreen.storyboard */,
				BFF96FE723464A68002F5802 /* Info.plist */,
			);
			path = Resources;
			sourceTree = "<group>";
		};
		BF4129D6234DC85900425149 /* Main */ = {
			isa = PBXGroup;
			children = (
				BF18D7E4234E1D1000FFB49F /* RootView.swift */,
				BF7ECBC2234CF2DA0078AE6C /* Model */,
				1CCEEE30234B0300007E3247 /* SupportViews */,
			);
			path = Main;
			sourceTree = "<group>";
		};
		BF4129D7234DC87800425149 /* Setting */ = {
			isa = PBXGroup;
			children = (
				BF4129D8234DC88D00425149 /* SettingView.swift */,
				BF18D7D8234DEA3700FFB49F /* SupporViews */,
			);
			path = Setting;
			sourceTree = "<group>";
		};
		BF427E7F23D604F400F08943 /* Detail */ = {
			isa = PBXGroup;
			children = (
				BF427E8A23D72EE800F08943 /* Cell */,
				BF427E8023D6052500F08943 /* HistoryDetailViewController.swift */,
				BF427E8223D6086100F08943 /* HistoryDetail_TableView.swift */,
				BF427E8F23D74B6700F08943 /* HistoryHourPickerView.swift */,
				BF427E8D23D7492700F08943 /* HistoryHourPickerViewController.swift */,
			);
			path = Detail;
			sourceTree = "<group>";
		};
		BF427E8A23D72EE800F08943 /* Cell */ = {
			isa = PBXGroup;
			children = (
				BF427E8B23D733D600F08943 /* HistoryDetailViewModel.swift */,
				BF427E8423D60D9C00F08943 /* HistoryDetailTableViewCell.swift */,
				BF427E8823D72D8500F08943 /* HistoryDetailHolidayTableViewCell.swift */,
				BF427E8623D6147500F08943 /* HistoryDetailDeleteTableViewCell.swift */,
			);
			path = Cell;
			sourceTree = "<group>";
		};
		BF44450523C8D58700286305 /* Today */ = {
			isa = PBXGroup;
			children = (
				BF59DE7623D496D70009A9A8 /* Model */,
				BF7E986423C8E864002E722D /* View */,
				BFAC857323C8C71400C1663F /* TodayViewController.swift */,
				BFF2A9AB23CCB5A800F3B071 /* TodayViewController_Alert.swift */,
				BFDDF01223CB353200744F2C /* TodayViewController_Notification.swift */,
			);
			path = Today;
			sourceTree = "<group>";
		};
		BF44450623C8D58B00286305 /* History */ = {
			isa = PBXGroup;
			children = (
				BFDFA07823D49CB2001F9832 /* Main */,
				BF427E7F23D604F400F08943 /* Detail */,
				BFDFA07923D49CBE001F9832 /* Calendar */,
			);
			path = History;
			sourceTree = "<group>";
		};
		BF4497E123CB159D0024DF53 /* Setting */ = {
			isa = PBXGroup;
			children = (
				BF7E987E23C8F4B5002E722D /* Model */,
				BF65DD3323C9A3DF00B3EA0B /* View */,
				BF7E987123C8F091002E722D /* SettingViewController.swift */,
				BF7E987323C8F1BE002E722D /* Setting_TableView.swift */,
				BF65DD3123C9A21900B3EA0B /* Setting_StackView.swift */,
			);
			path = Setting;
			sourceTree = "<group>";
		};
		BF4497E223CB15A20024DF53 /* WorkhoursADay */ = {
			isa = PBXGroup;
			children = (
				BF4497DD23CAEFC90024DF53 /* PickerView.swift */,
				BF4497DB23CAEC770024DF53 /* WorkhoursADayViewController.swift */,
				BF4497DF23CAFFF00024DF53 /* WorkhoursADay_Picker.swift */,
			);
			path = WorkhoursADay;
			sourceTree = "<group>";
		};
		BF59DE7623D496D70009A9A8 /* Model */ = {
			isa = PBXGroup;
			children = (
				BF3D681F23CA1BA4005F6055 /* TodayViewModel.swift */,
			);
			path = Model;
			sourceTree = "<group>";
		};
		BF65DD3323C9A3DF00B3EA0B /* View */ = {
			isa = PBXGroup;
			children = (
				BF65DD2F23C985F600B3EA0B /* DayNameButton.swift */,
				BF7E987923C8F45F002E722D /* Cell */,
			);
			path = View;
			sourceTree = "<group>";
		};
		BF7E986423C8E864002E722D /* View */ = {
			isa = PBXGroup;
			children = (
				BF44451023C8DF2900286305 /* TodayView.swift */,
				BF44450723C8D5DC00286305 /* TodayOptionView.swift */,
				BF59DE7423D4943C0009A9A8 /* TodayButton.swift */,
				BF44450B23C8D8FC00286305 /* TodayButtonsView.swift */,
				BF44450E23C8DC7400286305 /* TodayTimerView.swift */,
				BF44451423C8DFA000286305 /* TodayListCellView.swift */,
				BF44451223C8DF6F00286305 /* TodayListStackView.swift */,
			);
			path = View;
			sourceTree = "<group>";
		};
		BF7E986D23C8EC78002E722D /* View */ = {
			isa = PBXGroup;
			children = (
				BF1912AC23D20FA4007F9F10 /* Cell */,
				BFB691CA23D4A71100D24885 /* HistoryButton.swift */,
				BF7E986E23C8ECA4002E722D /* HistoryDateCheckView.swift */,
			);
			path = View;
			sourceTree = "<group>";
		};
		BF7E987023C8F070002E722D /* Setting */ = {
			isa = PBXGroup;
			children = (
				BF4497E123CB159D0024DF53 /* Setting */,
				BF4497E223CB15A20024DF53 /* WorkhoursADay */,
			);
			path = Setting;
			sourceTree = "<group>";
		};
		BF7E987923C8F45F002E722D /* Cell */ = {
			isa = PBXGroup;
			children = (
				BF7E987723C8F40E002E722D /* CellComponent.swift */,
				BF7E987C23C8F493002E722D /* SettingCell.swift */,
				BF65DD2D23C97ECE00B3EA0B /* SettingDayNameCell.swift */,
			);
			path = Cell;
			sourceTree = "<group>";
		};
		BF7E987E23C8F4B5002E722D /* Model */ = {
			isa = PBXGroup;
			children = (
				BF7E987523C8F38E002E722D /* SettingCellModel.swift */,
				BF7E987F23C8F4CA002E722D /* SettingViewModel.swift */,
				BFBCA15123C9CEEE00FC6774 /* SettingURLModel.swift */,
			);
			path = Model;
			sourceTree = "<group>";
		};
		BF7ECBC2234CF2DA0078AE6C /* Model */ = {
			isa = PBXGroup;
			children = (
				BF4129D2234DB78D00425149 /* Row.swift */,
			);
			path = Model;
			sourceTree = "<group>";
		};
		BF7ECBC3234CF8370078AE6C /* Utility */ = {
			isa = PBXGroup;
			children = (
				BF65DD2B23C8FC1E00B3EA0B /* InfoUtil.swift */,
				BFE16AAC234D109D006F94C1 /* Color.swift */,
				BF7ECBBE234CE0EE0078AE6C /* CurrentTimer.swift */,
				BF7ECBC4234CF8480078AE6C /* DebugPrint.swift */,
				BF7ECBC7234CFD9D0078AE6C /* Formatter.swift */,
				BFDED1592358AD21003AFA67 /* ScreenSize.swift */,
				BF44450923C8D67800286305 /* Font.swift */,
			);
			path = Utility;
			sourceTree = "<group>";
		};
		BFAC857023C8BF7700C1663F /* Presentation */ = {
			isa = PBXGroup;
			children = (
				BFAC857123C8BF9900C1663F /* TabBarController.swift */,
				BF44450523C8D58700286305 /* Today */,
				BF44450623C8D58B00286305 /* History */,
				BF7E987023C8F070002E722D /* Setting */,
			);
			path = Presentation;
			sourceTree = "<group>";
		};
		BFAC857523C8C74200C1663F /* Base */ = {
			isa = PBXGroup;
			children = (
				BFAC857623C8C75100C1663F /* BaseViewController.swift */,
				BF7E986523C8E8A1002E722D /* BaseTableViewCell.swift */,
			);
			path = Base;
			sourceTree = "<group>";
		};
		BFDED1622358AFD2003AFA67 /* Widget */ = {
			isa = PBXGroup;
			children = (
				BFDED1732358BD0C003AFA67 /* Widget.entitlements */,
				BFDED1652358AFD2003AFA67 /* MainInterface.storyboard */,
				BFDED1632358AFD2003AFA67 /* TodayViewController.swift */,
				BFDED1742358C86E003AFA67 /* Today_Action.swift */,
				1C445C7E23592B2F0043A978 /* WidgetButton.swift */,
				BFDED1682358AFD2003AFA67 /* Info.plist */,
			);
			path = Widget;
			sourceTree = "<group>";
		};
		BFDFA07823D49CB2001F9832 /* Main */ = {
			isa = PBXGroup;
			children = (
				BF7E986D23C8EC78002E722D /* View */,
				BF1912AD23D20FB9007F9F10 /* ViewModel */,
				BFAC857823C8C79D00C1663F /* HistoryViewController.swift */,
				BF7E986B23C8EAB2002E722D /* History_TableView.swift */,
				BF427E7D23D5F7F600F08943 /* History_Calendar.swift */,
			);
			path = Main;
			sourceTree = "<group>";
		};
		BFDFA07923D49CBE001F9832 /* Calendar */ = {
			isa = PBXGroup;
			children = (
				BFDFA07C23D49E23001F9832 /* YearMonthPicker.swift */,
				BFB691C823D4A06900D24885 /* YearMonthPickerView.swift */,
				BFDFA07623D49C6B001F9832 /* YearMonthPickerViewController.swift */,
				BFDFA07A23D49D1B001F9832 /* YearMonth_Picker.swift */,
			);
			path = Calendar;
			sourceTree = "<group>";
		};
		BFF77934234F5FAE00B229A2 /* Week */ = {
			isa = PBXGroup;
			children = (
				BFF77937234F600500B229A2 /* WeekView.swift */,
				BFF77939234F62BC00B229A2 /* WeekListView.swift */,
				1C3F623523671AC300417C7F /* WeekDetailView.swift */,
				1C04EDE4237D674800E85440 /* WeekDetailViewModel.swift */,
			);
			path = Week;
			sourceTree = "<group>";
		};
		BFF96FCD23464A66002F5802 = {
			isa = PBXGroup;
			children = (
				BFF96FD823464A66002F5802 /* Flextimer */,
				BFDED1622358AFD2003AFA67 /* Widget */,
				BFF96FD723464A66002F5802 /* Products */,
				01A3B50145F900FFD43E5F23 /* Pods */,
				8C96921728ADCE0A342BC1C6 /* Frameworks */,
			);
			sourceTree = "<group>";
		};
		BFF96FD723464A66002F5802 /* Products */ = {
			isa = PBXGroup;
			children = (
				BFF96FD623464A66002F5802 /* Flextimer.app */,
				BFDED15F2358AFD2003AFA67 /* Widget.appex */,
			);
			name = Products;
			sourceTree = "<group>";
		};
		BFF96FD823464A66002F5802 /* Flextimer */ = {
			isa = PBXGroup;
			children = (
				BFDED1722358BCCF003AFA67 /* Flextimer.entitlements */,
				BFF96FD923464A66002F5802 /* AppDelegate.swift */,
				BFBCA14F23C9C53300FC6774 /* SceneDelegate.swift */,
				BFDA4AE2234CB5E700A7211C /* UserData.swift */,
				1C1AEB44234B6EA600FFB348 /* Realm */,
				BFAC857023C8BF7700C1663F /* Presentation */,
				BFAC857523C8C74200C1663F /* Base */,
				1C1AEB45234B6EC400FFB348 /* SwiftUI */,
				BF7ECBC3234CF8370078AE6C /* Utility */,
				1C23D0B6234B0CB2000CB037 /* Extension */,
				BF28A0D92358A1D1004654AA /* Resources */,
			);
			path = Flextimer;
			sourceTree = "<group>";
		};
/* End PBXGroup section */

/* Begin PBXNativeTarget section */
		BFDED15E2358AFD2003AFA67 /* Widget */ = {
			isa = PBXNativeTarget;
			buildConfigurationList = BFDED16C2358AFD2003AFA67 /* Build configuration list for PBXNativeTarget "Widget" */;
			buildPhases = (
				82B815BA4AE77D64DE5C9718 /* [CP] Check Pods Manifest.lock */,
				BFDED15B2358AFD2003AFA67 /* Sources */,
				BFDED15C2358AFD2003AFA67 /* Frameworks */,
				BFDED15D2358AFD2003AFA67 /* Resources */,
			);
			buildRules = (
			);
			dependencies = (
			);
			name = Widget;
			productName = Widget;
			productReference = BFDED15F2358AFD2003AFA67 /* Widget.appex */;
			productType = "com.apple.product-type.app-extension";
		};
		BFF96FD523464A66002F5802 /* Flextimer */ = {
			isa = PBXNativeTarget;
			buildConfigurationList = BFF96FEA23464A68002F5802 /* Build configuration list for PBXNativeTarget "Flextimer" */;
			buildPhases = (
				2CF3282E3F8BFEAC123B291F /* [CP] Check Pods Manifest.lock */,
				BFF96FD223464A66002F5802 /* Sources */,
				BFF96FD323464A66002F5802 /* Frameworks */,
				BFF96FD423464A66002F5802 /* Resources */,
				2A9D4F951D7D4E721B7267E7 /* [CP] Embed Pods Frameworks */,
				BFDED16F2358AFD2003AFA67 /* Embed App Extensions */,
			);
			buildRules = (
			);
			dependencies = (
				BFDED16A2358AFD2003AFA67 /* PBXTargetDependency */,
			);
			name = Flextimer;
			packageProductDependencies = (
			);
			productName = Flextimer;
			productReference = BFF96FD623464A66002F5802 /* Flextimer.app */;
			productType = "com.apple.product-type.application";
		};
/* End PBXNativeTarget section */

/* Begin PBXProject section */
		BFF96FCE23464A66002F5802 /* Project object */ = {
			isa = PBXProject;
			attributes = {
				LastSwiftUpdateCheck = 1100;
				LastUpgradeCheck = 1100;
				ORGANIZATIONNAME = "Suzy Mararon Park";
				TargetAttributes = {
					BFDED15E2358AFD2003AFA67 = {
						CreatedOnToolsVersion = 11.0;
					};
					BFF96FD523464A66002F5802 = {
						CreatedOnToolsVersion = 11.0;
					};
				};
			};
			buildConfigurationList = BFF96FD123464A66002F5802 /* Build configuration list for PBXProject "Flextimer" */;
			compatibilityVersion = "Xcode 9.3";
			developmentRegion = en;
			hasScannedForEncodings = 0;
			knownRegions = (
				en,
				Base,
			);
			mainGroup = BFF96FCD23464A66002F5802;
			packageReferences = (
			);
			productRefGroup = BFF96FD723464A66002F5802 /* Products */;
			projectDirPath = "";
			projectRoot = "";
			targets = (
				BFF96FD523464A66002F5802 /* Flextimer */,
				BFDED15E2358AFD2003AFA67 /* Widget */,
			);
		};
/* End PBXProject section */

/* Begin PBXResourcesBuildPhase section */
		BFDED15D2358AFD2003AFA67 /* Resources */ = {
			isa = PBXResourcesBuildPhase;
			buildActionMask = 2147483647;
			files = (
				BFAC856F23C8BD7900C1663F /* MainInterface.storyboard in Resources */,
			);
			runOnlyForDeploymentPostprocessing = 0;
		};
		BFF96FD423464A66002F5802 /* Resources */ = {
			isa = PBXResourcesBuildPhase;
			buildActionMask = 2147483647;
			files = (
				BFF96FE623464A68002F5802 /* LaunchScreen.storyboard in Resources */,
				BFF96FE023464A68002F5802 /* Assets.xcassets in Resources */,
			);
			runOnlyForDeploymentPostprocessing = 0;
		};
/* End PBXResourcesBuildPhase section */

/* Begin PBXShellScriptBuildPhase section */
		2A9D4F951D7D4E721B7267E7 /* [CP] Embed Pods Frameworks */ = {
			isa = PBXShellScriptBuildPhase;
			buildActionMask = 2147483647;
			files = (
			);
			inputFileListPaths = (
				"${PODS_ROOT}/Target Support Files/Pods-Flextimer/Pods-Flextimer-frameworks-${CONFIGURATION}-input-files.xcfilelist",
			);
			name = "[CP] Embed Pods Frameworks";
			outputFileListPaths = (
				"${PODS_ROOT}/Target Support Files/Pods-Flextimer/Pods-Flextimer-frameworks-${CONFIGURATION}-output-files.xcfilelist",
			);
			runOnlyForDeploymentPostprocessing = 0;
			shellPath = /bin/sh;
			shellScript = "\"${PODS_ROOT}/Target Support Files/Pods-Flextimer/Pods-Flextimer-frameworks.sh\"\n";
			showEnvVarsInLog = 0;
		};
		2CF3282E3F8BFEAC123B291F /* [CP] Check Pods Manifest.lock */ = {
			isa = PBXShellScriptBuildPhase;
			buildActionMask = 2147483647;
			files = (
			);
			inputFileListPaths = (
			);
			inputPaths = (
				"${PODS_PODFILE_DIR_PATH}/Podfile.lock",
				"${PODS_ROOT}/Manifest.lock",
			);
			name = "[CP] Check Pods Manifest.lock";
			outputFileListPaths = (
			);
			outputPaths = (
				"$(DERIVED_FILE_DIR)/Pods-Flextimer-checkManifestLockResult.txt",
			);
			runOnlyForDeploymentPostprocessing = 0;
			shellPath = /bin/sh;
			shellScript = "diff \"${PODS_PODFILE_DIR_PATH}/Podfile.lock\" \"${PODS_ROOT}/Manifest.lock\" > /dev/null\nif [ $? != 0 ] ; then\n    # print error to STDERR\n    echo \"error: The sandbox is not in sync with the Podfile.lock. Run 'pod install' or update your CocoaPods installation.\" >&2\n    exit 1\nfi\n# This output is used by Xcode 'outputs' to avoid re-running this script phase.\necho \"SUCCESS\" > \"${SCRIPT_OUTPUT_FILE_0}\"\n";
			showEnvVarsInLog = 0;
		};
		82B815BA4AE77D64DE5C9718 /* [CP] Check Pods Manifest.lock */ = {
			isa = PBXShellScriptBuildPhase;
			buildActionMask = 2147483647;
			files = (
			);
			inputFileListPaths = (
			);
			inputPaths = (
				"${PODS_PODFILE_DIR_PATH}/Podfile.lock",
				"${PODS_ROOT}/Manifest.lock",
			);
			name = "[CP] Check Pods Manifest.lock";
			outputFileListPaths = (
			);
			outputPaths = (
				"$(DERIVED_FILE_DIR)/Pods-Flextimer-Widget-checkManifestLockResult.txt",
			);
			runOnlyForDeploymentPostprocessing = 0;
			shellPath = /bin/sh;
			shellScript = "diff \"${PODS_PODFILE_DIR_PATH}/Podfile.lock\" \"${PODS_ROOT}/Manifest.lock\" > /dev/null\nif [ $? != 0 ] ; then\n    # print error to STDERR\n    echo \"error: The sandbox is not in sync with the Podfile.lock. Run 'pod install' or update your CocoaPods installation.\" >&2\n    exit 1\nfi\n# This output is used by Xcode 'outputs' to avoid re-running this script phase.\necho \"SUCCESS\" > \"${SCRIPT_OUTPUT_FILE_0}\"\n";
			showEnvVarsInLog = 0;
		};
/* End PBXShellScriptBuildPhase section */

/* Begin PBXSourcesBuildPhase section */
		BFDED15B2358AFD2003AFA67 /* Sources */ = {
			isa = PBXSourcesBuildPhase;
			buildActionMask = 2147483647;
			files = (
				BFDED1642358AFD2003AFA67 /* TodayViewController.swift in Sources */,
				BFDED17D2358D1EA003AFA67 /* TimeInterval.swift in Sources */,
				BFDED17A2358C97D003AFA67 /* DebugPrint.swift in Sources */,
				BFDED1792358C974003AFA67 /* RealmService.swift in Sources */,
				BF40806B23658D4400547A3A /* UserInfo.swift in Sources */,
				BFDED17C2358D027003AFA67 /* Formatter.swift in Sources */,
				1C445C81235930D10043A978 /* UIButton.swift in Sources */,
				1C445C7C2359253F0043A978 /* Color.swift in Sources */,
				BFDED17B2358C99A003AFA67 /* Date.swift in Sources */,
				BFDED17F2358D50E003AFA67 /* UserData.swift in Sources */,
				BFDED1772358C938003AFA67 /* UIColor.swift in Sources */,
				BFDED17E2358D250003AFA67 /* Int.swift in Sources */,
				BFDED1782358C96C003AFA67 /* WorkRecord.swift in Sources */,
				1C445C7F23592B2F0043A978 /* WidgetButton.swift in Sources */,
				BFDED1752358C86E003AFA67 /* Today_Action.swift in Sources */,
			);
			runOnlyForDeploymentPostprocessing = 0;
		};
		BFF96FD223464A66002F5802 /* Sources */ = {
			isa = PBXSourcesBuildPhase;
			buildActionMask = 2147483647;
			files = (
				BFAC857B23C8C85400C1663F /* Logger.swift in Sources */,
				BF44450823C8D5DC00286305 /* TodayOptionView.swift in Sources */,
				BF59DE7523D4943C0009A9A8 /* TodayButton.swift in Sources */,
				BF65DD3023C985F600B3EA0B /* DayNameButton.swift in Sources */,
				BFBCA15023C9C53300FC6774 /* SceneDelegate.swift in Sources */,
				BF4497DA23CAE8350024DF53 /* NotificationCenter.swift in Sources */,
				BF44450A23C8D67800286305 /* Font.swift in Sources */,
				BFDED15A2358AD21003AFA67 /* ScreenSize.swift in Sources */,
				BF7E986623C8E8A1002E722D /* BaseTableViewCell.swift in Sources */,
				BF427E8E23D7492700F08943 /* HistoryHourPickerViewController.swift in Sources */,
				BFAC857223C8BF9900C1663F /* TabBarController.swift in Sources */,
				BFF96FDA23464A66002F5802 /* AppDelegate.swift in Sources */,
				BF65DD2E23C97ECE00B3EA0B /* SettingDayNameCell.swift in Sources */,
				BF427E8123D6052500F08943 /* HistoryDetailViewController.swift in Sources */,
				BF7E986823C8E8FA002E722D /* HistoryTableViewCell.swift in Sources */,
				BF44450C23C8D8FC00286305 /* TodayButtonsView.swift in Sources */,
				BF65DD3223C9A21900B3EA0B /* Setting_StackView.swift in Sources */,
				1C1AEB41234B572600FFB348 /* WorkRecord.swift in Sources */,
				BF427E8323D6086100F08943 /* HistoryDetail_TableView.swift in Sources */,
				BFDFA07D23D49E23001F9832 /* YearMonthPicker.swift in Sources */,
				BFBCA15223C9CEEE00FC6774 /* SettingURLModel.swift in Sources */,
				BF7E987D23C8F494002E722D /* SettingCell.swift in Sources */,
				BF7E987623C8F38E002E722D /* SettingCellModel.swift in Sources */,
				BF4497DC23CAEC770024DF53 /* WorkhoursADayViewController.swift in Sources */,
				BF1912AF23D20FCF007F9F10 /* HistoryViewModel.swift in Sources */,
				BF4497DE23CAEFC90024DF53 /* PickerView.swift in Sources */,
				BF3D682023CA1BA4005F6055 /* TodayViewModel.swift in Sources */,
				BF44451123C8DF2900286305 /* TodayView.swift in Sources */,
				BFAC857423C8C71400C1663F /* TodayViewController.swift in Sources */,
				1C23D0B5234B0CAF000CB037 /* Date.swift in Sources */,
				BFDA4AE3234CB5E700A7211C /* UserData.swift in Sources */,
				BFB691C923D4A06900D24885 /* YearMonthPickerView.swift in Sources */,
				BFAC857723C8C75100C1663F /* BaseViewController.swift in Sources */,
				BF44450F23C8DC7400286305 /* TodayTimerView.swift in Sources */,
				BFE16AAD234D109D006F94C1 /* Color.swift in Sources */,
				BF7E986A23C8EA75002E722D /* UITableView.swift in Sources */,
				BF7ECBC6234CF89B0078AE6C /* DebugPrint.swift in Sources */,
				BF44451323C8DF6F00286305 /* TodayListStackView.swift in Sources */,
				BF427E7E23D5F7F600F08943 /* History_Calendar.swift in Sources */,
				BF427E9023D74B6700F08943 /* HistoryHourPickerView.swift in Sources */,
				BFDED1562358A9A9003AFA67 /* Int.swift in Sources */,
				BFB691CB23D4A71100D24885 /* HistoryButton.swift in Sources */,
				BF44450D23C8D9A800286305 /* UIButton.swift in Sources */,
				BF7ECBC1234CE3420078AE6C /* TimeInterval.swift in Sources */,
				BF6D450B23D0CE14006067A8 /* HistoryCellModel.swift in Sources */,
				BFDDF01323CB353200744F2C /* TodayViewController_Notification.swift in Sources */,
				BF427E8923D72D8500F08943 /* HistoryDetailHolidayTableViewCell.swift in Sources */,
				BF7E988023C8F4CA002E722D /* SettingViewModel.swift in Sources */,
				BFDFA07B23D49D1B001F9832 /* YearMonth_Picker.swift in Sources */,
				BF7E987223C8F091002E722D /* SettingViewController.swift in Sources */,
				BFDED1582358AC1A003AFA67 /* UIColor.swift in Sources */,
				BFDFA07723D49C6B001F9832 /* YearMonthPickerViewController.swift in Sources */,
				BF65DD3423C9AA7100B3EA0B /* InfoUtil.swift in Sources */,
				BF7ECBC8234CFD9D0078AE6C /* Formatter.swift in Sources */,
				1C1AEB43234B5FF100FFB348 /* RealmService.swift in Sources */,
				BFF2A9AC23CCB5A800F3B071 /* TodayViewController_Alert.swift in Sources */,
				BF427E8C23D733D600F08943 /* HistoryDetailViewModel.swift in Sources */,
				BFAC857923C8C79D00C1663F /* HistoryViewController.swift in Sources */,
				BF4497E023CAFFF00024DF53 /* WorkhoursADay_Picker.swift in Sources */,
				BF427E8523D60D9C00F08943 /* HistoryDetailTableViewCell.swift in Sources */,
				BF7E987823C8F40E002E722D /* CellComponent.swift in Sources */,
				BF40806923658C5700547A3A /* UserInfo.swift in Sources */,
				BF28A0D82358A177004654AA /* Delegate.swift in Sources */,
				BF44451523C8DFA000286305 /* TodayListCellView.swift in Sources */,
				BF7E986F23C8ECA4002E722D /* HistoryDateCheckView.swift in Sources */,
				BF427E8723D6147500F08943 /* HistoryDetailDeleteTableViewCell.swift in Sources */,
				BF3D682223CA3265005F6055 /* FilterNil.swift in Sources */,
				BF7E987423C8F1BE002E722D /* Setting_TableView.swift in Sources */,
				BF7E986C23C8EAB2002E722D /* History_TableView.swift in Sources */,
			);
			runOnlyForDeploymentPostprocessing = 0;
		};
/* End PBXSourcesBuildPhase section */

/* Begin PBXTargetDependency section */
		BFDED16A2358AFD2003AFA67 /* PBXTargetDependency */ = {
			isa = PBXTargetDependency;
			target = BFDED15E2358AFD2003AFA67 /* Widget */;
			targetProxy = BFDED1692358AFD2003AFA67 /* PBXContainerItemProxy */;
		};
/* End PBXTargetDependency section */

/* Begin PBXVariantGroup section */
		BFDED1652358AFD2003AFA67 /* MainInterface.storyboard */ = {
			isa = PBXVariantGroup;
			children = (
				BFDED1662358AFD2003AFA67 /* Base */,
			);
			name = MainInterface.storyboard;
			sourceTree = "<group>";
		};
		BFF96FE423464A68002F5802 /* LaunchScreen.storyboard */ = {
			isa = PBXVariantGroup;
			children = (
				BFF96FE523464A68002F5802 /* Base */,
			);
			name = LaunchScreen.storyboard;
			sourceTree = "<group>";
		};
/* End PBXVariantGroup section */

/* Begin XCBuildConfiguration section */
		BFDED16D2358AFD2003AFA67 /* Debug */ = {
			isa = XCBuildConfiguration;
			baseConfigurationReference = 9F5AFA222ABA8F6BE2CE3595 /* Pods-Flextimer-Widget.debug.xcconfig */;
			buildSettings = {
				APPLICATION_EXTENSION_API_ONLY = NO;
				CODE_SIGN_ENTITLEMENTS = Widget/Widget.entitlements;
				CODE_SIGN_IDENTITY = "Apple Development";
				CODE_SIGN_STYLE = Automatic;
				CURRENT_PROJECT_VERSION = 2;
				DEVELOPMENT_TEAM = 64NX5H9B23;
				INFOPLIST_FILE = Widget/Info.plist;
				LD_RUNPATH_SEARCH_PATHS = (
					"$(inherited)",
					"@executable_path/Frameworks",
					"@executable_path/../../Frameworks",
				);
				MARKETING_VERSION = 1.2.0;
				PRODUCT_BUNDLE_IDENTIFIER = com.suzypark.Flextimer.Widget;
				PRODUCT_NAME = Widget;
				PROVISIONING_PROFILE_SPECIFIER = "";
				SKIP_INSTALL = YES;
				SWIFT_VERSION = 5.0;
				TARGETED_DEVICE_FAMILY = "1,2";
			};
			name = Debug;
		};
		BFDED16E2358AFD2003AFA67 /* Release */ = {
			isa = XCBuildConfiguration;
			baseConfigurationReference = C46A467080250DEDD0884778 /* Pods-Flextimer-Widget.release.xcconfig */;
			buildSettings = {
				APPLICATION_EXTENSION_API_ONLY = NO;
				CODE_SIGN_ENTITLEMENTS = Widget/Widget.entitlements;
				CODE_SIGN_IDENTITY = "Apple Development";
				CODE_SIGN_STYLE = Automatic;
				CURRENT_PROJECT_VERSION = 2;
				DEBUG_INFORMATION_FORMAT = dwarf;
				DEVELOPMENT_TEAM = 64NX5H9B23;
				INFOPLIST_FILE = Widget/Info.plist;
				LD_RUNPATH_SEARCH_PATHS = (
					"$(inherited)",
					"@executable_path/Frameworks",
					"@executable_path/../../Frameworks",
				);
				MARKETING_VERSION = 1.2.0;
				PRODUCT_BUNDLE_IDENTIFIER = com.suzypark.Flextimer.Widget;
				PRODUCT_NAME = Widget;
				PROVISIONING_PROFILE_SPECIFIER = "";
				SKIP_INSTALL = YES;
				SWIFT_VERSION = 5.0;
				TARGETED_DEVICE_FAMILY = "1,2";
			};
			name = Release;
		};
		BFF96FE823464A68002F5802 /* Debug */ = {
			isa = XCBuildConfiguration;
			buildSettings = {
				ALWAYS_SEARCH_USER_PATHS = NO;
				CLANG_ANALYZER_NONNULL = YES;
				CLANG_ANALYZER_NUMBER_OBJECT_CONVERSION = YES_AGGRESSIVE;
				CLANG_CXX_LANGUAGE_STANDARD = "gnu++14";
				CLANG_CXX_LIBRARY = "libc++";
				CLANG_ENABLE_MODULES = YES;
				CLANG_ENABLE_OBJC_ARC = YES;
				CLANG_ENABLE_OBJC_WEAK = YES;
				CLANG_WARN_BLOCK_CAPTURE_AUTORELEASING = YES;
				CLANG_WARN_BOOL_CONVERSION = YES;
				CLANG_WARN_COMMA = YES;
				CLANG_WARN_CONSTANT_CONVERSION = YES;
				CLANG_WARN_DEPRECATED_OBJC_IMPLEMENTATIONS = YES;
				CLANG_WARN_DIRECT_OBJC_ISA_USAGE = YES_ERROR;
				CLANG_WARN_DOCUMENTATION_COMMENTS = YES;
				CLANG_WARN_EMPTY_BODY = YES;
				CLANG_WARN_ENUM_CONVERSION = YES;
				CLANG_WARN_INFINITE_RECURSION = YES;
				CLANG_WARN_INT_CONVERSION = YES;
				CLANG_WARN_NON_LITERAL_NULL_CONVERSION = YES;
				CLANG_WARN_OBJC_IMPLICIT_RETAIN_SELF = YES;
				CLANG_WARN_OBJC_LITERAL_CONVERSION = YES;
				CLANG_WARN_OBJC_ROOT_CLASS = YES_ERROR;
				CLANG_WARN_RANGE_LOOP_ANALYSIS = YES;
				CLANG_WARN_STRICT_PROTOTYPES = YES;
				CLANG_WARN_SUSPICIOUS_MOVE = YES;
				CLANG_WARN_UNGUARDED_AVAILABILITY = YES_AGGRESSIVE;
				CLANG_WARN_UNREACHABLE_CODE = YES;
				CLANG_WARN__DUPLICATE_METHOD_MATCH = YES;
				COPY_PHASE_STRIP = NO;
				DEBUG_INFORMATION_FORMAT = dwarf;
				ENABLE_STRICT_OBJC_MSGSEND = YES;
				ENABLE_TESTABILITY = YES;
				GCC_C_LANGUAGE_STANDARD = gnu11;
				GCC_DYNAMIC_NO_PIC = NO;
				GCC_NO_COMMON_BLOCKS = YES;
				GCC_OPTIMIZATION_LEVEL = 0;
				GCC_PREPROCESSOR_DEFINITIONS = (
					"DEBUG=1",
					"$(inherited)",
				);
				GCC_WARN_64_TO_32_BIT_CONVERSION = YES;
				GCC_WARN_ABOUT_RETURN_TYPE = YES_ERROR;
				GCC_WARN_UNDECLARED_SELECTOR = YES;
				GCC_WARN_UNINITIALIZED_AUTOS = YES_AGGRESSIVE;
				GCC_WARN_UNUSED_FUNCTION = YES;
				GCC_WARN_UNUSED_VARIABLE = YES;
				IPHONEOS_DEPLOYMENT_TARGET = 13.0;
				MTL_ENABLE_DEBUG_INFO = INCLUDE_SOURCE;
				MTL_FAST_MATH = YES;
				ONLY_ACTIVE_ARCH = YES;
				SDKROOT = iphoneos;
				SWIFT_ACTIVE_COMPILATION_CONDITIONS = DEBUG;
				SWIFT_OPTIMIZATION_LEVEL = "-Onone";
			};
			name = Debug;
		};
		BFF96FE923464A68002F5802 /* Release */ = {
			isa = XCBuildConfiguration;
			buildSettings = {
				ALWAYS_SEARCH_USER_PATHS = NO;
				CLANG_ANALYZER_NONNULL = YES;
				CLANG_ANALYZER_NUMBER_OBJECT_CONVERSION = YES_AGGRESSIVE;
				CLANG_CXX_LANGUAGE_STANDARD = "gnu++14";
				CLANG_CXX_LIBRARY = "libc++";
				CLANG_ENABLE_MODULES = YES;
				CLANG_ENABLE_OBJC_ARC = YES;
				CLANG_ENABLE_OBJC_WEAK = YES;
				CLANG_WARN_BLOCK_CAPTURE_AUTORELEASING = YES;
				CLANG_WARN_BOOL_CONVERSION = YES;
				CLANG_WARN_COMMA = YES;
				CLANG_WARN_CONSTANT_CONVERSION = YES;
				CLANG_WARN_DEPRECATED_OBJC_IMPLEMENTATIONS = YES;
				CLANG_WARN_DIRECT_OBJC_ISA_USAGE = YES_ERROR;
				CLANG_WARN_DOCUMENTATION_COMMENTS = YES;
				CLANG_WARN_EMPTY_BODY = YES;
				CLANG_WARN_ENUM_CONVERSION = YES;
				CLANG_WARN_INFINITE_RECURSION = YES;
				CLANG_WARN_INT_CONVERSION = YES;
				CLANG_WARN_NON_LITERAL_NULL_CONVERSION = YES;
				CLANG_WARN_OBJC_IMPLICIT_RETAIN_SELF = YES;
				CLANG_WARN_OBJC_LITERAL_CONVERSION = YES;
				CLANG_WARN_OBJC_ROOT_CLASS = YES_ERROR;
				CLANG_WARN_RANGE_LOOP_ANALYSIS = YES;
				CLANG_WARN_STRICT_PROTOTYPES = YES;
				CLANG_WARN_SUSPICIOUS_MOVE = YES;
				CLANG_WARN_UNGUARDED_AVAILABILITY = YES_AGGRESSIVE;
				CLANG_WARN_UNREACHABLE_CODE = YES;
				CLANG_WARN__DUPLICATE_METHOD_MATCH = YES;
				COPY_PHASE_STRIP = NO;
				DEBUG_INFORMATION_FORMAT = "dwarf-with-dsym";
				ENABLE_NS_ASSERTIONS = NO;
				ENABLE_STRICT_OBJC_MSGSEND = YES;
				GCC_C_LANGUAGE_STANDARD = gnu11;
				GCC_NO_COMMON_BLOCKS = YES;
				GCC_WARN_64_TO_32_BIT_CONVERSION = YES;
				GCC_WARN_ABOUT_RETURN_TYPE = YES_ERROR;
				GCC_WARN_UNDECLARED_SELECTOR = YES;
				GCC_WARN_UNINITIALIZED_AUTOS = YES_AGGRESSIVE;
				GCC_WARN_UNUSED_FUNCTION = YES;
				GCC_WARN_UNUSED_VARIABLE = YES;
				IPHONEOS_DEPLOYMENT_TARGET = 13.0;
				MTL_ENABLE_DEBUG_INFO = NO;
				MTL_FAST_MATH = YES;
				SDKROOT = iphoneos;
				SWIFT_COMPILATION_MODE = wholemodule;
				SWIFT_OPTIMIZATION_LEVEL = "-O";
				VALIDATE_PRODUCT = YES;
			};
			name = Release;
		};
		BFF96FEB23464A68002F5802 /* Debug */ = {
			isa = XCBuildConfiguration;
			baseConfigurationReference = DF2392A6C1922842F5BEC072 /* Pods-Flextimer.debug.xcconfig */;
			buildSettings = {
				ALWAYS_EMBED_SWIFT_STANDARD_LIBRARIES = "$(inherited)";
				APPLICATION_EXTENSION_API_ONLY = NO;
				ASSETCATALOG_COMPILER_APPICON_NAME = AppIcon;
				CODE_SIGN_ENTITLEMENTS = Flextimer/Flextimer.entitlements;
				CODE_SIGN_STYLE = Automatic;
				CURRENT_PROJECT_VERSION = 2;
				DEVELOPMENT_ASSET_PATHS = "";
				DEVELOPMENT_TEAM = 64NX5H9B23;
				ENABLE_BITCODE = YES;
				ENABLE_PREVIEWS = YES;
				INFOPLIST_FILE = Flextimer/Resources/Info.plist;
				IPHONEOS_DEPLOYMENT_TARGET = 13.0;
				LD_RUNPATH_SEARCH_PATHS = (
					"$(inherited)",
					"@executable_path/Frameworks",
				);
				MARKETING_VERSION = 1.2.0;
				PRODUCT_BUNDLE_IDENTIFIER = com.suzypark.Flextimer;
				PRODUCT_NAME = Flextimer;
				SWIFT_VERSION = 5.0;
				TARGETED_DEVICE_FAMILY = 1;
			};
			name = Debug;
		};
		BFF96FEC23464A68002F5802 /* Release */ = {
			isa = XCBuildConfiguration;
			baseConfigurationReference = 87F7E2D88B8929A88AA77E76 /* Pods-Flextimer.release.xcconfig */;
			buildSettings = {
				ALWAYS_EMBED_SWIFT_STANDARD_LIBRARIES = "$(inherited)";
				APPLICATION_EXTENSION_API_ONLY = NO;
				ASSETCATALOG_COMPILER_APPICON_NAME = AppIcon;
				CODE_SIGN_ENTITLEMENTS = Flextimer/Flextimer.entitlements;
				CODE_SIGN_STYLE = Automatic;
				CURRENT_PROJECT_VERSION = 2;
				DEBUG_INFORMATION_FORMAT = dwarf;
				DEVELOPMENT_ASSET_PATHS = "";
				DEVELOPMENT_TEAM = 64NX5H9B23;
				ENABLE_BITCODE = YES;
				ENABLE_PREVIEWS = YES;
				INFOPLIST_FILE = Flextimer/Resources/Info.plist;
				IPHONEOS_DEPLOYMENT_TARGET = 13.0;
				LD_RUNPATH_SEARCH_PATHS = (
					"$(inherited)",
					"@executable_path/Frameworks",
				);
				MARKETING_VERSION = 1.2.0;
				PRODUCT_BUNDLE_IDENTIFIER = com.suzypark.Flextimer;
				PRODUCT_NAME = Flextimer;
				SWIFT_VERSION = 5.0;
				TARGETED_DEVICE_FAMILY = 1;
			};
			name = Release;
		};
/* End XCBuildConfiguration section */

/* Begin XCConfigurationList section */
		BFDED16C2358AFD2003AFA67 /* Build configuration list for PBXNativeTarget "Widget" */ = {
			isa = XCConfigurationList;
			buildConfigurations = (
				BFDED16D2358AFD2003AFA67 /* Debug */,
				BFDED16E2358AFD2003AFA67 /* Release */,
			);
			defaultConfigurationIsVisible = 0;
			defaultConfigurationName = Release;
		};
		BFF96FD123464A66002F5802 /* Build configuration list for PBXProject "Flextimer" */ = {
			isa = XCConfigurationList;
			buildConfigurations = (
				BFF96FE823464A68002F5802 /* Debug */,
				BFF96FE923464A68002F5802 /* Release */,
			);
			defaultConfigurationIsVisible = 0;
			defaultConfigurationName = Release;
		};
		BFF96FEA23464A68002F5802 /* Build configuration list for PBXNativeTarget "Flextimer" */ = {
			isa = XCConfigurationList;
			buildConfigurations = (
				BFF96FEB23464A68002F5802 /* Debug */,
				BFF96FEC23464A68002F5802 /* Release */,
			);
			defaultConfigurationIsVisible = 0;
			defaultConfigurationName = Release;
		};
/* End XCConfigurationList section */
	};
	rootObject = BFF96FCE23464A66002F5802 /* Project object */;
}
